
Microsoft Visual Studio Solution File, Format Version 12.00
# Visual Studio Version 16
VisualStudioVersion = 16.0.30011.22
MinimumVisualStudioVersion = 10.0.40219.1
Project("{FAE04EC0-301F-11D3-BF4B-00C04F79EFBC}") = "TRMDataManager", "TRMDataManager\TRMDataManager.csproj", "{5CB7AA2B-0583-422F-9A79-F09AAC312E4D}"
EndProject
Project("{00D1A9C2-B5F0-4AF3-8072-F6C62B433612}") = "TRMData", "TRMData\TRMData.sqlproj", "{4AF8EFEE-8144-4A67-AFFF-A1DAEE892E48}"
EndProject
Global
	GlobalSection(SolutionConfigurationPlatforms) = preSolution
		Debug|Any CPU = Debug|Any CPU
		Release|Any CPU = Release|Any CPU
	EndGlobalSection
	GlobalSection(ProjectConfigurationPlatforms) = postSolution
		{5CB7AA2B-0583-422F-9A79-F09AAC312E4D}.Debug|Any CPU.ActiveCfg = Debug|Any CPU
		{5CB7AA2B-0583-422F-9A79-F09AAC312E4D}.Debug|Any CPU.Build.0 = Debug|Any CPU
		{5CB7AA2B-0583-422F-9A79-F09AAC312E4D}.Release|Any CPU.ActiveCfg = Release|Any CPU
		{5CB7AA2B-0583-422F-9A79-F09AAC312E4D}.Release|Any CPU.Build.0 = Release|Any CPU
		{4AF8EFEE-8144-4A67-AFFF-A1DAEE892E48}.Debug|Any CPU.ActiveCfg = Debug|Any CPU
		{4AF8EFEE-8144-4A67-AFFF-A1DAEE892E48}.Debug|Any CPU.Build.0 = Debug|Any CPU
		{4AF8EFEE-8144-4A67-AFFF-A1DAEE892E48}.Debug|Any CPU.Deploy.0 = Debug|Any CPU
		{4AF8EFEE-8144-4A67-AFFF-A1DAEE892E48}.Release|Any CPU.ActiveCfg = Release|Any CPU
		{4AF8EFEE-8144-4A67-AFFF-A1DAEE892E48}.Release|Any CPU.Build.0 = Release|Any CPU
		{4AF8EFEE-8144-4A67-AFFF-A1DAEE892E48}.Release|Any CPU.Deploy.0 = Release|Any CPU
	EndGlobalSection
	GlobalSection(SolutionProperties) = preSolution
		HideSolutionNode = FALSE
	EndGlobalSection
	GlobalSection(ExtensibilityGlobals) = postSolution
		SolutionGuid = {5ABBA917-5FB0-4FA3-A9BE-D2BEAED8ADCF}
	EndGlobalSection
EndGlobal
